
Microsoft Visual Studio Solution File, Format Version 12.00
# Visual Studio Version 17
VisualStudioVersion = 17.12.35728.132
MinimumVisualStudioVersion = 10.0.40219.1
Project("{2150E333-8FDC-42A3-9474-1A3956D46DE8}") = "src", "src", "{5F35A10D-4EA0-42BD-A11C-7ABD79E3A287}"
EndProject
Project("{2150E333-8FDC-42A3-9474-1A3956D46DE8}") = "test", "test", "{05061879-298D-4EFF-B9EF-D724E410DA89}"
EndProject
Project("{2150E333-8FDC-42A3-9474-1A3956D46DE8}") = "API", "API", "{E4783782-0DBB-4B65-BD4D-2EF3308081AE}"
EndProject
Project("{2150E333-8FDC-42A3-9474-1A3956D46DE8}") = "Core", "Core", "{0C993532-C5F3-493C-8ECE-F11109C98A7C}"
EndProject
Project("{2150E333-8FDC-42A3-9474-1A3956D46DE8}") = "Infrastructure", "Infrastructure", "{C43DE8CC-28A1-47DA-856A-84806089B667}"
EndProject
Project("{FAE04EC0-301F-11D3-BF4B-00C04F79EFBC}") = "MoneyCheck.Domain", "MoneyCheck.Domain\MoneyCheck.Domain.csproj", "{3224F110-7131-4581-9A9B-753681542C09}"
EndProject
Project("{FAE04EC0-301F-11D3-BF4B-00C04F79EFBC}") = "MoneyCheck.Application", "MoneyCheck.Application\MoneyCheck.Application.csproj", "{43DE40AB-1D21-4C41-A130-5282209D89F0}"
EndProject
Project("{FAE04EC0-301F-11D3-BF4B-00C04F79EFBC}") = "MoneyCheck.Persistance", "MoneyCheck.Persistance\MoneyCheck.Persistance.csproj", "{896EF99A-6C7B-40AF-8DAB-5D40F0304AF7}"
EndProject
Project("{FAE04EC0-301F-11D3-BF4B-00C04F79EFBC}") = "MoneyCheck.Infrastructure", "MoneyCheck.Infrastructure\MoneyCheck.Infrastructure.csproj", "{E0B6B233-7EB2-44A5-9404-1FDA1DB7C948}"
EndProject
Project("{FAE04EC0-301F-11D3-BF4B-00C04F79EFBC}") = "MoneyCheck.Api", "MoneyCheck.Api\MoneyCheck.Api.csproj", "{AF488BD2-FE9F-4F5C-AA0C-6F894D5A99DB}"
EndProject
Project("{FAE04EC0-301F-11D3-BF4B-00C04F79EFBC}") = "MoneyCheck.Auth", "MoneyCheck.Auth\MoneyCheck.Auth.csproj", "{6CAEA263-2A3F-480A-9C74-A01E2EF99E67}"
EndProject
Global
	GlobalSection(SolutionConfigurationPlatforms) = preSolution
		Debug|Any CPU = Debug|Any CPU
		Release|Any CPU = Release|Any CPU
	EndGlobalSection
	GlobalSection(ProjectConfigurationPlatforms) = postSolution
		{3224F110-7131-4581-9A9B-753681542C09}.Debug|Any CPU.ActiveCfg = Debug|Any CPU
		{3224F110-7131-4581-9A9B-753681542C09}.Debug|Any CPU.Build.0 = Debug|Any CPU
		{3224F110-7131-4581-9A9B-753681542C09}.Release|Any CPU.ActiveCfg = Release|Any CPU
		{3224F110-7131-4581-9A9B-753681542C09}.Release|Any CPU.Build.0 = Release|Any CPU
		{43DE40AB-1D21-4C41-A130-5282209D89F0}.Debug|Any CPU.ActiveCfg = Debug|Any CPU
		{43DE40AB-1D21-4C41-A130-5282209D89F0}.Debug|Any CPU.Build.0 = Debug|Any CPU
		{43DE40AB-1D21-4C41-A130-5282209D89F0}.Release|Any CPU.ActiveCfg = Release|Any CPU
		{43DE40AB-1D21-4C41-A130-5282209D89F0}.Release|Any CPU.Build.0 = Release|Any CPU
		{896EF99A-6C7B-40AF-8DAB-5D40F0304AF7}.Debug|Any CPU.ActiveCfg = Debug|Any CPU
		{896EF99A-6C7B-40AF-8DAB-5D40F0304AF7}.Debug|Any CPU.Build.0 = Debug|Any CPU
		{896EF99A-6C7B-40AF-8DAB-5D40F0304AF7}.Release|Any CPU.ActiveCfg = Release|Any CPU
		{896EF99A-6C7B-40AF-8DAB-5D40F0304AF7}.Release|Any CPU.Build.0 = Release|Any CPU
		{E0B6B233-7EB2-44A5-9404-1FDA1DB7C948}.Debug|Any CPU.ActiveCfg = Debug|Any CPU
		{E0B6B233-7EB2-44A5-9404-1FDA1DB7C948}.Debug|Any CPU.Build.0 = Debug|Any CPU
		{E0B6B233-7EB2-44A5-9404-1FDA1DB7C948}.Release|Any CPU.ActiveCfg = Release|Any CPU
		{E0B6B233-7EB2-44A5-9404-1FDA1DB7C948}.Release|Any CPU.Build.0 = Release|Any CPU
		{AF488BD2-FE9F-4F5C-AA0C-6F894D5A99DB}.Debug|Any CPU.ActiveCfg = Debug|Any CPU
		{AF488BD2-FE9F-4F5C-AA0C-6F894D5A99DB}.Debug|Any CPU.Build.0 = Debug|Any CPU
		{AF488BD2-FE9F-4F5C-AA0C-6F894D5A99DB}.Release|Any CPU.ActiveCfg = Release|Any CPU
		{AF488BD2-FE9F-4F5C-AA0C-6F894D5A99DB}.Release|Any CPU.Build.0 = Release|Any CPU
		{6CAEA263-2A3F-480A-9C74-A01E2EF99E67}.Debug|Any CPU.ActiveCfg = Debug|Any CPU
		{6CAEA263-2A3F-480A-9C74-A01E2EF99E67}.Debug|Any CPU.Build.0 = Debug|Any CPU
		{6CAEA263-2A3F-480A-9C74-A01E2EF99E67}.Release|Any CPU.ActiveCfg = Release|Any CPU
		{6CAEA263-2A3F-480A-9C74-A01E2EF99E67}.Release|Any CPU.Build.0 = Release|Any CPU
	EndGlobalSection
	GlobalSection(SolutionProperties) = preSolution
		HideSolutionNode = FALSE
	EndGlobalSection
	GlobalSection(NestedProjects) = preSolution
		{E4783782-0DBB-4B65-BD4D-2EF3308081AE} = {5F35A10D-4EA0-42BD-A11C-7ABD79E3A287}
		{0C993532-C5F3-493C-8ECE-F11109C98A7C} = {5F35A10D-4EA0-42BD-A11C-7ABD79E3A287}
		{C43DE8CC-28A1-47DA-856A-84806089B667} = {5F35A10D-4EA0-42BD-A11C-7ABD79E3A287}
		{3224F110-7131-4581-9A9B-753681542C09} = {0C993532-C5F3-493C-8ECE-F11109C98A7C}
		{43DE40AB-1D21-4C41-A130-5282209D89F0} = {0C993532-C5F3-493C-8ECE-F11109C98A7C}
		{896EF99A-6C7B-40AF-8DAB-5D40F0304AF7} = {C43DE8CC-28A1-47DA-856A-84806089B667}
		{E0B6B233-7EB2-44A5-9404-1FDA1DB7C948} = {C43DE8CC-28A1-47DA-856A-84806089B667}
		{AF488BD2-FE9F-4F5C-AA0C-6F894D5A99DB} = {E4783782-0DBB-4B65-BD4D-2EF3308081AE}
		{6CAEA263-2A3F-480A-9C74-A01E2EF99E67} = {C43DE8CC-28A1-47DA-856A-84806089B667}
	EndGlobalSection
EndGlobal
